
Microsoft Visual Studio Solution File, Format Version 12.00
# Visual Studio Version 16
VisualStudioVersion = 16.0.30907.101
MinimumVisualStudioVersion = 10.0.40219.1
Project("{FAE04EC0-301F-11D3-BF4B-00C04F79EFBC}") = "Producto_1", "Producto_1\Producto_1.csproj", "{B7ED276C-70F0-4E51-A72A-2C9B0BE412D3}"
EndProject
Global
	GlobalSection(SolutionConfigurationPlatforms) = preSolution
		Debug|Any CPU = Debug|Any CPU
		Release|Any CPU = Release|Any CPU
	EndGlobalSection
	GlobalSection(ProjectConfigurationPlatforms) = postSolution
		{B7ED276C-70F0-4E51-A72A-2C9B0BE412D3}.Debug|Any CPU.ActiveCfg = Debug|Any CPU
		{B7ED276C-70F0-4E51-A72A-2C9B0BE412D3}.Debug|Any CPU.Build.0 = Debug|Any CPU
		{B7ED276C-70F0-4E51-A72A-2C9B0BE412D3}.Release|Any CPU.ActiveCfg = Release|Any CPU
		{B7ED276C-70F0-4E51-A72A-2C9B0BE412D3}.Release|Any CPU.Build.0 = Release|Any CPU
	EndGlobalSection
	GlobalSection(SolutionProperties) = preSolution
		HideSolutionNode = FALSE
	EndGlobalSection
	GlobalSection(ExtensibilityGlobals) = postSolution
		SolutionGuid = {672AF222-AFBA-4DBB-B6B8-60EB6111AB43}
	EndGlobalSection
EndGlobal
